
Microsoft Visual Studio Solution File, Format Version 12.00
# Visual Studio Version 17
VisualStudioVersion = 17.9.34607.119
MinimumVisualStudioVersion = 10.0.40219.1
Project("{2150E333-8FDC-42A3-9474-1A3956D46DE8}") = "Solution Items", "Solution Items", "{3EE7A125-B3DA-4869-8494-E24D5A670661}"
	ProjectSection(SolutionItems) = preProject
		docker-compose.yaml = docker-compose.yaml
	EndProjectSection
EndProject
Project("{2150E333-8FDC-42A3-9474-1A3956D46DE8}") = "CQRS-ES", "CQRS-ES", "{7D6E6303-BB23-47CA-BFB5-242212915975}"
EndProject
Project("{2150E333-8FDC-42A3-9474-1A3956D46DE8}") = "SM-POST", "SM-POST", "{B8D39B13-F6B8-42BD-8B3B-080A1448A7AC}"
EndProject
Project("{2150E333-8FDC-42A3-9474-1A3956D46DE8}") = "Post.Cmd", "Post.Cmd", "{CB1468C1-85A0-4B94-84AA-478D51B85869}"
EndProject
Project("{9A19103F-16F7-4668-BE54-9A1E7A4F7556}") = "CQRS.Core", "CQRS-ES\CQRS.Core\CQRS.Core.csproj", "{09157C9D-74FC-4DD5-BBC4-EC34684ED0CE}"
EndProject
Project("{9A19103F-16F7-4668-BE54-9A1E7A4F7556}") = "Post.Cmd.Api", "SM-Post\Post.Cmd\Post.Cmd.Api\Post.Cmd.Api.csproj", "{69762D8B-8C4B-4CE1-B3B7-6A900B08BF74}"
EndProject
Project("{9A19103F-16F7-4668-BE54-9A1E7A4F7556}") = "Post.Cmd.Domain", "SM-Post\Post.Cmd\Post.Cmd.Domain\Post.Cmd.Domain.csproj", "{67548B64-CF57-413C-830A-27CD18248A69}"
EndProject
Project("{9A19103F-16F7-4668-BE54-9A1E7A4F7556}") = "Post.Cmd.Infrastructure", "SM-Post\Post.Cmd\Post.Cmd.Infrastructure\Post.Cmd.Infrastructure.csproj", "{280702EE-C6D8-4BAB-BC0D-C903A3BC6984}"
EndProject
Project("{2150E333-8FDC-42A3-9474-1A3956D46DE8}") = "Post.Query", "Post.Query", "{151979EB-05AC-426A-95C3-440FB55D23B0}"
EndProject
Project("{FAE04EC0-301F-11D3-BF4B-00C04F79EFBC}") = "Post.Query.Api", "SM-Post\Post.Query\Post.Query.Api\Post.Query.Api.csproj", "{357DBF43-4436-423C-B783-5A69F84B7AA2}"
EndProject
Project("{FAE04EC0-301F-11D3-BF4B-00C04F79EFBC}") = "Post.Query.Domain", "SM-Post\Post.Query\Post.Query.Domain\Post.Query.Domain.csproj", "{776A8DB0-0CAF-4A45-972C-2DF252FE7D64}"
EndProject
Project("{FAE04EC0-301F-11D3-BF4B-00C04F79EFBC}") = "Post.Query.Infrastructure", "SM-Post\Post.Query\Post.Query.Infrastructure\Post.Query.Infrastructure.csproj", "{987B5CBC-5F04-47B0-A581-D620A5BF916A}"
EndProject
Global
	GlobalSection(SolutionConfigurationPlatforms) = preSolution
		Debug|Any CPU = Debug|Any CPU
		Release|Any CPU = Release|Any CPU
	EndGlobalSection
	GlobalSection(ProjectConfigurationPlatforms) = postSolution
		{09157C9D-74FC-4DD5-BBC4-EC34684ED0CE}.Debug|Any CPU.ActiveCfg = Debug|Any CPU
		{09157C9D-74FC-4DD5-BBC4-EC34684ED0CE}.Debug|Any CPU.Build.0 = Debug|Any CPU
		{09157C9D-74FC-4DD5-BBC4-EC34684ED0CE}.Release|Any CPU.ActiveCfg = Release|Any CPU
		{09157C9D-74FC-4DD5-BBC4-EC34684ED0CE}.Release|Any CPU.Build.0 = Release|Any CPU
		{69762D8B-8C4B-4CE1-B3B7-6A900B08BF74}.Debug|Any CPU.ActiveCfg = Debug|Any CPU
		{69762D8B-8C4B-4CE1-B3B7-6A900B08BF74}.Debug|Any CPU.Build.0 = Debug|Any CPU
		{69762D8B-8C4B-4CE1-B3B7-6A900B08BF74}.Release|Any CPU.ActiveCfg = Release|Any CPU
		{69762D8B-8C4B-4CE1-B3B7-6A900B08BF74}.Release|Any CPU.Build.0 = Release|Any CPU
		{67548B64-CF57-413C-830A-27CD18248A69}.Debug|Any CPU.ActiveCfg = Debug|Any CPU
		{67548B64-CF57-413C-830A-27CD18248A69}.Debug|Any CPU.Build.0 = Debug|Any CPU
		{67548B64-CF57-413C-830A-27CD18248A69}.Release|Any CPU.ActiveCfg = Release|Any CPU
		{67548B64-CF57-413C-830A-27CD18248A69}.Release|Any CPU.Build.0 = Release|Any CPU
		{280702EE-C6D8-4BAB-BC0D-C903A3BC6984}.Debug|Any CPU.ActiveCfg = Debug|Any CPU
		{280702EE-C6D8-4BAB-BC0D-C903A3BC6984}.Debug|Any CPU.Build.0 = Debug|Any CPU
		{280702EE-C6D8-4BAB-BC0D-C903A3BC6984}.Release|Any CPU.ActiveCfg = Release|Any CPU
		{280702EE-C6D8-4BAB-BC0D-C903A3BC6984}.Release|Any CPU.Build.0 = Release|Any CPU
		{357DBF43-4436-423C-B783-5A69F84B7AA2}.Debug|Any CPU.ActiveCfg = Debug|Any CPU
		{357DBF43-4436-423C-B783-5A69F84B7AA2}.Debug|Any CPU.Build.0 = Debug|Any CPU
		{357DBF43-4436-423C-B783-5A69F84B7AA2}.Release|Any CPU.ActiveCfg = Release|Any CPU
		{357DBF43-4436-423C-B783-5A69F84B7AA2}.Release|Any CPU.Build.0 = Release|Any CPU
		{776A8DB0-0CAF-4A45-972C-2DF252FE7D64}.Debug|Any CPU.ActiveCfg = Debug|Any CPU
		{776A8DB0-0CAF-4A45-972C-2DF252FE7D64}.Debug|Any CPU.Build.0 = Debug|Any CPU
		{776A8DB0-0CAF-4A45-972C-2DF252FE7D64}.Release|Any CPU.ActiveCfg = Release|Any CPU
		{776A8DB0-0CAF-4A45-972C-2DF252FE7D64}.Release|Any CPU.Build.0 = Release|Any CPU
		{987B5CBC-5F04-47B0-A581-D620A5BF916A}.Debug|Any CPU.ActiveCfg = Debug|Any CPU
		{987B5CBC-5F04-47B0-A581-D620A5BF916A}.Debug|Any CPU.Build.0 = Debug|Any CPU
		{987B5CBC-5F04-47B0-A581-D620A5BF916A}.Release|Any CPU.ActiveCfg = Release|Any CPU
		{987B5CBC-5F04-47B0-A581-D620A5BF916A}.Release|Any CPU.Build.0 = Release|Any CPU
	EndGlobalSection
	GlobalSection(SolutionProperties) = preSolution
		HideSolutionNode = FALSE
	EndGlobalSection
	GlobalSection(NestedProjects) = preSolution
		{CB1468C1-85A0-4B94-84AA-478D51B85869} = {B8D39B13-F6B8-42BD-8B3B-080A1448A7AC}
		{09157C9D-74FC-4DD5-BBC4-EC34684ED0CE} = {7D6E6303-BB23-47CA-BFB5-242212915975}
		{69762D8B-8C4B-4CE1-B3B7-6A900B08BF74} = {CB1468C1-85A0-4B94-84AA-478D51B85869}
		{67548B64-CF57-413C-830A-27CD18248A69} = {CB1468C1-85A0-4B94-84AA-478D51B85869}
		{280702EE-C6D8-4BAB-BC0D-C903A3BC6984} = {CB1468C1-85A0-4B94-84AA-478D51B85869}
		{151979EB-05AC-426A-95C3-440FB55D23B0} = {B8D39B13-F6B8-42BD-8B3B-080A1448A7AC}
		{357DBF43-4436-423C-B783-5A69F84B7AA2} = {151979EB-05AC-426A-95C3-440FB55D23B0}
		{776A8DB0-0CAF-4A45-972C-2DF252FE7D64} = {151979EB-05AC-426A-95C3-440FB55D23B0}
		{987B5CBC-5F04-47B0-A581-D620A5BF916A} = {151979EB-05AC-426A-95C3-440FB55D23B0}
	EndGlobalSection
	GlobalSection(ExtensibilityGlobals) = postSolution
		SolutionGuid = {78BEEA0B-2489-4BE9-917F-9D3E9F416A8E}
	EndGlobalSection
EndGlobal
